{
  "nodes": {
    "apple-fonts": {
      "inputs": {
        "nixpkgs": "nixpkgs",
        "ny": "ny",
        "sf-arabic": "sf-arabic",
        "sf-armenian": "sf-armenian",
        "sf-compact": "sf-compact",
        "sf-georgian": "sf-georgian",
        "sf-hebrew": "sf-hebrew",
        "sf-mono": "sf-mono",
        "sf-pro": "sf-pro"
      },
      "locked": {
        "lastModified": 1771015369,
        "narHash": "sha256-MhtCW601b9tAMP20FBToytRSUMoThtefJ3/7kCThwsE=",
        "owner": "Lyndeno",
        "repo": "apple-fonts.nix",
        "rev": "c3ddc684891e15ae6cc2048bcd033f9995f0d075",
        "type": "github"
      },
      "original": {
        "owner": "Lyndeno",
        "repo": "apple-fonts.nix",
        "type": "github"
      }
    },
    "aquamarine": {
      "inputs": {
        "hyprutils": [
          "hyprland",
          "hyprutils"
        ],
        "hyprwayland-scanner": [
          "hyprland",
          "hyprwayland-scanner"
        ],
        "nixpkgs": [
          "hyprland",
          "nixpkgs"
        ],
        "systems": [
          "hyprland",
          "systems"
        ]
      },
      "locked": {
        "lastModified": 1770895474,
        "narHash": "sha256-JBcrq1Y0uw87VZdYsByVbv+GBuT6ECaCNb9txLX9UuU=",
        "owner": "hyprwm",
        "repo": "aquamarine",
        "rev": "a494d50d32b5567956b558437ceaa58a380712f7",
        "type": "github"
      },
      "original": {
        "owner": "hyprwm",
        "repo": "aquamarine",
        "type": "github"
      }
    },
    "base16": {
      "inputs": {
        "fromYaml": "fromYaml"
      },
      "locked": {
        "lastModified": 1755819240,
        "narHash": "sha256-qcMhnL7aGAuFuutH4rq9fvAhCpJWVHLcHVZLtPctPlo=",
        "owner": "SenchoPens",
        "repo": "base16.nix",
        "rev": "75ed5e5e3fce37df22e49125181fa37899c3ccd6",
        "type": "github"
      },
      "original": {
        "owner": "SenchoPens",
        "repo": "base16.nix",
        "type": "github"
      }
    },
    "base16-fish": {
      "flake": false,
      "locked": {
        "lastModified": 1765809053,
        "narHash": "sha256-XCUQLoLfBJ8saWms2HCIj4NEN+xNsWBlU1NrEPcQG4s=",
        "owner": "tomyun",
        "repo": "base16-fish",
        "rev": "86cbea4dca62e08fb7fd83a70e96472f92574782",
        "type": "github"
      },
      "original": {
        "owner": "tomyun",
        "repo": "base16-fish",
        "rev": "86cbea4dca62e08fb7fd83a70e96472f92574782",
        "type": "github"
      }
    },
    "base16-helix": {
      "flake": false,
      "locked": {
        "lastModified": 1760703920,
        "narHash": "sha256-m82fGUYns4uHd+ZTdoLX2vlHikzwzdu2s2rYM2bNwzw=",
        "owner": "tinted-theming",
        "repo": "base16-helix",
        "rev": "d646af9b7d14bff08824538164af99d0c521b185",
        "type": "github"
      },
      "original": {
        "owner": "tinted-theming",
        "repo": "base16-helix",
        "type": "github"
      }
    },
    "base16-vim": {
      "flake": false,
      "locked": {
        "lastModified": 1732806396,
        "narHash": "sha256-e0bpPySdJf0F68Ndanwm+KWHgQiZ0s7liLhvJSWDNsA=",
        "owner": "tinted-theming",
        "repo": "base16-vim",
        "rev": "577fe8125d74ff456cf942c733a85d769afe58b7",
        "type": "github"
      },
      "original": {
        "owner": "tinted-theming",
        "repo": "base16-vim",
        "rev": "577fe8125d74ff456cf942c733a85d769afe58b7",
        "type": "github"
      }
    },
    "catppuccin": {
      "inputs": {
        "nixpkgs": [
          "nixpkgs"
        ]
      },
      "locked": {
        "lastModified": 1768256610,
        "narHash": "sha256-IyL6nZo242nDLoLQVwkqAZXp8FO5kBfjL6Fuh+gZO10=",
        "owner": "catppuccin",
        "repo": "nix",
        "rev": "0734ad8c91342df34f1a1e5c183d053d70ba87c7",
        "type": "github"
      },
      "original": {
        "owner": "catppuccin",
        "ref": "release-25.11",
        "repo": "nix",
        "type": "github"
      }
    },
    "den": {
      "locked": {
        "lastModified": 1771679476,
        "narHash": "sha256-rU58QADljRw8/d0ciRtMeaB4/Y/V8JQBlhT1TTvaKmc=",
        "owner": "vic",
        "repo": "den",
        "rev": "61341ee04b80104bdd22a60541fb8c4c3b49d342",
        "type": "github"
      },
      "original": {
        "owner": "vic",
        "repo": "den",
        "type": "github"
      }
    },
    "dgop": {
      "inputs": {
        "nixpkgs": [
          "nixpkgs-unstable"
        ]
      },
      "locked": {
        "lastModified": 1771340270,
        "narHash": "sha256-rzyqTCp+B4T6UW7mKkUtPA4dk+cwsuGxIkstqG9dIUo=",
        "owner": "AvengeMedia",
        "repo": "dgop",
        "rev": "eae53d4cfd9da4e898d2c50dac645d0ef46b57c4",
        "type": "github"
      },
      "original": {
        "owner": "AvengeMedia",
        "repo": "dgop",
        "type": "github"
      }
    },
    "disko": {
      "inputs": {
        "nixpkgs": [
          "nixpkgs"
        ]
      },
      "locked": {
        "lastModified": 1771469470,
        "narHash": "sha256-GnqdqhrguKNN3HtVfl6z+zbV9R9jhHFm3Z8nu7R6ml0=",
        "owner": "nix-community",
        "repo": "disko",
        "rev": "4707eec8d1d2db5182ea06ed48c820a86a42dc13",
        "type": "github"
      },
      "original": {
        "owner": "nix-community",
        "repo": "disko",
        "type": "github"
      }
    },
    "dms": {
      "inputs": {
        "nixpkgs": [
          "nixpkgs-unstable"
        ],
        "quickshell": "quickshell"
      },
      "locked": {
        "lastModified": 1771605734,
        "narHash": "sha256-qPm0HLKFIN8nBiTJwA4Jq5R3KPNoMHBxkpVJ4DQ9PBI=",
        "owner": "AvengeMedia",
        "repo": "DankMaterialShell",
        "rev": "03a8e1e0d5fee0e68e15c93e63ba4ebb967a8e0b",
        "type": "github"
      },
      "original": {
        "owner": "AvengeMedia",
        "ref": "stable",
        "repo": "DankMaterialShell",
        "type": "github"
      }
    },
    "firefox-gnome-theme": {
      "flake": false,
      "locked": {
        "lastModified": 1764873433,
        "narHash": "sha256-1XPewtGMi+9wN9Ispoluxunw/RwozuTRVuuQOmxzt+A=",
        "owner": "rafaelmardojai",
        "repo": "firefox-gnome-theme",
        "rev": "f7ffd917ac0d253dbd6a3bf3da06888f57c69f92",
        "type": "github"
      },
      "original": {
        "owner": "rafaelmardojai",
        "repo": "firefox-gnome-theme",
        "type": "github"
      }
    },
    "flake-aspects": {
      "locked": {
        "lastModified": 1771395573,
        "narHash": "sha256-bcCOG2CW23/Eww/zULJf1xd0Shz2zS4c2AJWwLALyJ8=",
        "owner": "vic",
        "repo": "flake-aspects",
        "rev": "8297f3bc41ad79b9f01d56d0dd92f7aac51bacfb",
        "type": "github"
      },
      "original": {
        "owner": "vic",
        "repo": "flake-aspects",
        "type": "github"
      }
    },
    "flake-compat": {
      "flake": false,
      "locked": {
        "lastModified": 1767039857,
        "narHash": "sha256-vNpUSpF5Nuw8xvDLj2KCwwksIbjua2LZCqhV1LNRDns=",
        "owner": "NixOS",
        "repo": "flake-compat",
        "rev": "5edf11c44bc78a0d334f6334cdaf7d60d732daab",
        "type": "github"
      },
      "original": {
        "owner": "NixOS",
        "repo": "flake-compat",
        "type": "github"
      }
    },
    "flake-file": {
      "locked": {
        "lastModified": 1771017549,
        "narHash": "sha256-n68HeYEQJ67hMH2LPI0cERD2pkpNe5dyeOGg11uZ7rc=",
        "owner": "vic",
        "repo": "flake-file",
        "rev": "9d89918faacdbd2ce26d0aa7298da0fecad8b437",
        "type": "github"
      },
      "original": {
        "owner": "vic",
        "repo": "flake-file",
        "type": "github"
      }
    },
    "flake-parts": {
      "inputs": {
        "nixpkgs-lib": [
          "nixpkgs-lib"
        ]
      },
      "locked": {
        "lastModified": 1769996383,
        "narHash": "sha256-AnYjnFWgS49RlqX7LrC4uA+sCCDBj0Ry/WOJ5XWAsa0=",
        "owner": "hercules-ci",
        "repo": "flake-parts",
        "rev": "57928607ea566b5db3ad13af0e57e921e6b12381",
        "type": "github"
      },
      "original": {
        "owner": "hercules-ci",
        "repo": "flake-parts",
        "type": "github"
      }
    },
    "flake-parts_2": {
      "inputs": {
        "nixpkgs-lib": "nixpkgs-lib"
      },
      "locked": {
        "lastModified": 1749398372,
        "narHash": "sha256-tYBdgS56eXYaWVW3fsnPQ/nFlgWi/Z2Ymhyu21zVM98=",
        "owner": "hercules-ci",
        "repo": "flake-parts",
        "rev": "9305fe4e5c2a6fcf5ba6a3ff155720fbe4076569",
        "type": "github"
      },
      "original": {
        "owner": "hercules-ci",
        "repo": "flake-parts",
        "type": "github"
      }
    },
    "flake-parts_3": {
      "inputs": {
        "nixpkgs-lib": [
          "stylix",
          "nixpkgs"
        ]
      },
      "locked": {
        "lastModified": 1767609335,
        "narHash": "sha256-feveD98mQpptwrAEggBQKJTYbvwwglSbOv53uCfH9PY=",
        "owner": "hercules-ci",
        "repo": "flake-parts",
        "rev": "250481aafeb741edfe23d29195671c19b36b6dca",
        "type": "github"
      },
      "original": {
        "owner": "hercules-ci",
        "repo": "flake-parts",
        "type": "github"
      }
    },
    "flake-utils": {
      "inputs": {
        "systems": [
          "nfsm",
          "systems"
        ]
      },
      "locked": {
        "lastModified": 1731533236,
        "narHash": "sha256-l0KFg5HjrsfsO/JpG+r7fRrqm12kzFHyUHqHCVpMMbI=",
        "owner": "numtide",
        "repo": "flake-utils",
        "rev": "11707dc2f618dd54ca8739b309ec4fc024de578b",
        "type": "github"
      },
      "original": {
        "owner": "numtide",
        "repo": "flake-utils",
        "type": "github"
      }
    },
    "flake-utils_2": {
      "inputs": {
        "systems": [
          "niri-scratchpad",
          "systems"
        ]
      },
      "locked": {
        "lastModified": 1731533236,
        "narHash": "sha256-l0KFg5HjrsfsO/JpG+r7fRrqm12kzFHyUHqHCVpMMbI=",
        "owner": "numtide",
        "repo": "flake-utils",
        "rev": "11707dc2f618dd54ca8739b309ec4fc024de578b",
        "type": "github"
      },
      "original": {
        "owner": "numtide",
        "repo": "flake-utils",
        "type": "github"
      }
    },
    "fromYaml": {
      "flake": false,
      "locked": {
        "lastModified": 1731966426,
        "narHash": "sha256-lq95WydhbUTWig/JpqiB7oViTcHFP8Lv41IGtayokA8=",
        "owner": "SenchoPens",
        "repo": "fromYaml",
        "rev": "106af9e2f715e2d828df706c386a685698f3223b",
        "type": "github"
      },
      "original": {
        "owner": "SenchoPens",
        "repo": "fromYaml",
        "type": "github"
      }
    },
    "gitignore": {
      "inputs": {
        "nixpkgs": [
          "hyprland",
          "pre-commit-hooks",
          "nixpkgs"
        ]
      },
      "locked": {
        "lastModified": 1709087332,
        "narHash": "sha256-HG2cCnktfHsKV0s4XW83gU3F57gaTljL9KNSuG6bnQs=",
        "owner": "hercules-ci",
        "repo": "gitignore.nix",
        "rev": "637db329424fd7e46cf4185293b9cc8c88c95394",
        "type": "github"
      },
      "original": {
        "owner": "hercules-ci",
        "repo": "gitignore.nix",
        "type": "github"
      }
    },
    "gnome-shell": {
      "flake": false,
      "locked": {
        "host": "gitlab.gnome.org",
        "lastModified": 1767737596,
        "narHash": "sha256-eFujfIUQDgWnSJBablOuG+32hCai192yRdrNHTv0a+s=",
        "owner": "GNOME",
        "repo": "gnome-shell",
        "rev": "ef02db02bf0ff342734d525b5767814770d85b49",
        "type": "gitlab"
      },
      "original": {
        "host": "gitlab.gnome.org",
        "owner": "GNOME",
        "ref": "gnome-49",
        "repo": "gnome-shell",
        "type": "gitlab"
      }
    },
    "home-manager": {
      "inputs": {
        "nixpkgs": [
          "nixpkgs"
        ]
      },
      "locked": {
        "lastModified": 1770260404,
        "narHash": "sha256-3iVX1+7YUIt23hBx1WZsUllhbmP2EnXrV8tCRbLxHc8=",
        "owner": "nix-community",
        "repo": "home-manager",
        "rev": "0d782ee42c86b196acff08acfbf41bb7d13eed5b",
        "type": "github"
      },
      "original": {
        "owner": "nix-community",
        "ref": "release-25.11",
        "repo": "home-manager",
        "type": "github"
      }
    },
    "home-manager_2": {
      "inputs": {
        "nixpkgs": [
          "zen-browser",
          "nixpkgs"
        ]
      },
      "locked": {
        "lastModified": 1771102945,
        "narHash": "sha256-e5NfW8NhC3qChR8bHVni/asrig/ZFzd1wzpq+cEE/tg=",
        "owner": "nix-community",
        "repo": "home-manager",
        "rev": "ff5e5d882c51f9a032479595cbab40fd04f56399",
        "type": "github"
      },
      "original": {
        "owner": "nix-community",
        "repo": "home-manager",
        "type": "github"
      }
    },
    "hyprcursor": {
      "inputs": {
        "hyprlang": [
          "hyprland",
          "hyprlang"
        ],
        "nixpkgs": [
          "hyprland",
          "nixpkgs"
        ],
        "systems": [
          "hyprland",
          "systems"
        ]
      },
      "locked": {
        "lastModified": 1753964049,
        "narHash": "sha256-lIqabfBY7z/OANxHoPeIrDJrFyYy9jAM4GQLzZ2feCM=",
        "owner": "hyprwm",
        "repo": "hyprcursor",
        "rev": "44e91d467bdad8dcf8bbd2ac7cf49972540980a5",
        "type": "github"
      },
      "original": {
        "owner": "hyprwm",
        "repo": "hyprcursor",
        "type": "github"
      }
    },
    "hyprgraphics": {
      "inputs": {
        "hyprutils": [
          "hyprland",
          "hyprutils"
        ],
        "nixpkgs": [
          "hyprland",
          "nixpkgs"
        ],
        "systems": [
          "hyprland",
          "systems"
        ]
      },
      "locked": {
        "lastModified": 1770511807,
        "narHash": "sha256-suKmSbSk34uPOJDTg/GbPrKEJutzK08vj0VoTvAFBCA=",
        "owner": "hyprwm",
        "repo": "hyprgraphics",
        "rev": "7c75487edd43a71b61adb01cae8326d277aab683",
        "type": "github"
      },
      "original": {
        "owner": "hyprwm",
        "repo": "hyprgraphics",
        "type": "github"
      }
    },
    "hyprland": {
      "inputs": {
        "aquamarine": "aquamarine",
        "hyprcursor": "hyprcursor",
        "hyprgraphics": "hyprgraphics",
        "hyprland-guiutils": "hyprland-guiutils",
        "hyprland-protocols": "hyprland-protocols",
        "hyprlang": "hyprlang",
        "hyprutils": "hyprutils",
        "hyprwayland-scanner": "hyprwayland-scanner",
        "hyprwire": "hyprwire",
        "nixpkgs": [
          "nixpkgs-unstable"
        ],
        "pre-commit-hooks": "pre-commit-hooks",
        "systems": "systems",
        "xdph": "xdph"
      },
      "locked": {
        "lastModified": 1771709711,
        "narHash": "sha256-cYjF7C20GrO7hbFNuOPVsxps9jUsGkkkxoWsd7Gwc/I=",
        "owner": "hyprwm",
        "repo": "hyprland",
        "rev": "0eb4755a3ed1980c15453fbe73d4ad36dea5da4b",
        "type": "github"
      },
      "original": {
        "owner": "hyprwm",
        "repo": "hyprland",
        "type": "github"
      }
    },
    "hyprland-guiutils": {
      "inputs": {
        "aquamarine": [
          "hyprland",
          "aquamarine"
        ],
        "hyprgraphics": [
          "hyprland",
          "hyprgraphics"
        ],
        "hyprlang": [
          "hyprland",
          "hyprlang"
        ],
        "hyprtoolkit": "hyprtoolkit",
        "hyprutils": [
          "hyprland",
          "hyprutils"
        ],
        "hyprwayland-scanner": [
          "hyprland",
          "hyprwayland-scanner"
        ],
        "nixpkgs": [
          "hyprland",
          "nixpkgs"
        ],
        "systems": [
          "hyprland",
          "systems"
        ]
      },
      "locked": {
        "lastModified": 1767023960,
        "narHash": "sha256-R2HgtVS1G3KSIKAQ77aOZ+Q0HituOmPgXW9nBNkpp3Q=",
        "owner": "hyprwm",
        "repo": "hyprland-guiutils",
        "rev": "c2e906261142f5dd1ee0bfc44abba23e2754c660",
        "type": "github"
      },
      "original": {
        "owner": "hyprwm",
        "repo": "hyprland-guiutils",
        "type": "github"
      }
    },
    "hyprland-protocols": {
      "inputs": {
        "nixpkgs": [
          "hyprland",
          "nixpkgs"
        ],
        "systems": [
          "hyprland",
          "systems"
        ]
      },
      "locked": {
        "lastModified": 1765214753,
        "narHash": "sha256-P9zdGXOzToJJgu5sVjv7oeOGPIIwrd9hAUAP3PsmBBs=",
        "owner": "hyprwm",
        "repo": "hyprland-protocols",
        "rev": "3f3860b869014c00e8b9e0528c7b4ddc335c21ab",
        "type": "github"
      },
      "original": {
        "owner": "hyprwm",
        "repo": "hyprland-protocols",
        "type": "github"
      }
    },
    "hyprlang": {
      "inputs": {
        "hyprutils": [
          "hyprland",
          "hyprutils"
        ],
        "nixpkgs": [
          "hyprland",
          "nixpkgs"
        ],
        "systems": [
          "hyprland",
          "systems"
        ]
      },
      "locked": {
        "lastModified": 1767983607,
        "narHash": "sha256-8C2co8NYfR4oMOUEsPROOJ9JHrv9/ktbJJ6X1WsTbXc=",
        "owner": "hyprwm",
        "repo": "hyprlang",
        "rev": "d4037379e6057246b408bbcf796cf3e9838af5b2",
        "type": "github"
      },
      "original": {
        "owner": "hyprwm",
        "repo": "hyprlang",
        "type": "github"
      }
    },
    "hyprtoolkit": {
      "inputs": {
        "aquamarine": [
          "hyprland",
          "hyprland-guiutils",
          "aquamarine"
        ],
        "hyprgraphics": [
          "hyprland",
          "hyprland-guiutils",
          "hyprgraphics"
        ],
        "hyprlang": [
          "hyprland",
          "hyprland-guiutils",
          "hyprlang"
        ],
        "hyprutils": [
          "hyprland",
          "hyprland-guiutils",
          "hyprutils"
        ],
        "hyprwayland-scanner": [
          "hyprland",
          "hyprland-guiutils",
          "hyprwayland-scanner"
        ],
        "nixpkgs": [
          "hyprland",
          "hyprland-guiutils",
          "nixpkgs"
        ],
        "systems": [
          "hyprland",
          "hyprland-guiutils",
          "systems"
        ]
      },
      "locked": {
        "lastModified": 1764592794,
        "narHash": "sha256-7CcO+wbTJ1L1NBQHierHzheQGPWwkIQug/w+fhTAVuU=",
        "owner": "hyprwm",
        "repo": "hyprtoolkit",
        "rev": "5cfe0743f0e608e1462972303778d8a0859ee63e",
        "type": "github"
      },
      "original": {
        "owner": "hyprwm",
        "repo": "hyprtoolkit",
        "type": "github"
      }
    },
    "hyprutils": {
      "inputs": {
        "nixpkgs": [
          "hyprland",
          "nixpkgs"
        ],
        "systems": [
          "hyprland",
          "systems"
        ]
      },
      "locked": {
        "lastModified": 1770139857,
        "narHash": "sha256-bCqxcXjavgz5KBJ/1CBLqnagMMf9JvU1m9HmYVASKoc=",
        "owner": "hyprwm",
        "repo": "hyprutils",
        "rev": "9038eec033843c289b06b83557a381a2648d8fa5",
        "type": "github"
      },
      "original": {
        "owner": "hyprwm",
        "repo": "hyprutils",
        "type": "github"
      }
    },
    "hyprwayland-scanner": {
      "inputs": {
        "nixpkgs": [
          "hyprland",
          "nixpkgs"
        ],
        "systems": [
          "hyprland",
          "systems"
        ]
      },
      "locked": {
        "lastModified": 1770501770,
        "narHash": "sha256-NWRM6+YxTRv+bT9yvlhhJ2iLae1B1pNH3mAL5wi2rlQ=",
        "owner": "hyprwm",
        "repo": "hyprwayland-scanner",
        "rev": "0bd8b6cde9ec27d48aad9e5b4deefb3746909d40",
        "type": "github"
      },
      "original": {
        "owner": "hyprwm",
        "repo": "hyprwayland-scanner",
        "type": "github"
      }
    },
    "hyprwire": {
      "inputs": {
        "hyprutils": [
          "hyprland",
          "hyprutils"
        ],
        "nixpkgs": [
          "hyprland",
          "nixpkgs"
        ],
        "systems": [
          "hyprland",
          "systems"
        ]
      },
      "locked": {
        "lastModified": 1770203293,
        "narHash": "sha256-PR/KER+yiHabFC/h1Wjb+9fR2Uy0lWM3Qld7jPVaWkk=",
        "owner": "hyprwm",
        "repo": "hyprwire",
        "rev": "37bc90eed02b0c8b5a77a0b00867baf3005cfb98",
        "type": "github"
      },
      "original": {
        "owner": "hyprwm",
        "repo": "hyprwire",
        "type": "github"
      }
    },
    "import-tree": {
      "locked": {
        "lastModified": 1771045967,
        "narHash": "sha256-oYO4poyw0Sb/db2PigqugMlDwsvwLg6CSpFrMUWxA3Q=",
        "owner": "vic",
        "repo": "import-tree",
        "rev": "c968d3b54d12cf5d9c13f16f7c545a06c9d1fde6",
        "type": "github"
      },
      "original": {
        "owner": "vic",
        "repo": "import-tree",
        "type": "github"
      }
    },
    "mango": {
      "inputs": {
        "flake-parts": "flake-parts_2",
        "nixpkgs": [
          "nixpkgs"
        ],
        "scenefx": "scenefx"
      },
      "locked": {
        "lastModified": 1771671174,
        "narHash": "sha256-5yOc1wyqRPUBrKHyjxgKHjCIUA4WEiLpWhW1l6cOrdA=",
        "owner": "DreamMaoMao",
        "repo": "mango",
        "rev": "5f6f014debb8af0fc27b2a52f2569d984ada3ef9",
        "type": "github"
      },
      "original": {
        "owner": "DreamMaoMao",
        "repo": "mango",
        "type": "github"
      }
    },
    "nfsm": {
      "inputs": {
        "flake-utils": "flake-utils",
        "nixpkgs": "nixpkgs_2",
        "systems": "systems_2"
      },
      "locked": {
        "lastModified": 1767882499,
        "narHash": "sha256-vH7ILtO2y7wesmbgzi4XiDVjiq2rvLEt4s8sW2t5IpY=",
        "owner": "gvolpe",
        "repo": "nfsm",
        "rev": "c55e5e6bcb5f221f2f032fcf4ec7b06ea34af6b4",
        "type": "github"
      },
      "original": {
        "owner": "gvolpe",
        "repo": "nfsm",
        "type": "github"
      }
    },
    "niri-flake": {
      "inputs": {
        "niri-stable": "niri-stable",
        "niri-unstable": "niri-unstable",
        "nixpkgs": [
          "nixpkgs-unstable"
        ],
        "nixpkgs-stable": "nixpkgs-stable",
        "xwayland-satellite-stable": "xwayland-satellite-stable",
        "xwayland-satellite-unstable": "xwayland-satellite-unstable"
      },
      "locked": {
        "lastModified": 1771638124,
        "narHash": "sha256-rIF69lE48tBvOMFiIyserOa0MF3SXh1ZiRqv7WqlUew=",
        "owner": "sodiboo",
        "repo": "niri-flake",
        "rev": "a1dac2b08c329af22200104c3c4b18de5ded6034",
        "type": "github"
      },
      "original": {
        "owner": "sodiboo",
        "repo": "niri-flake",
        "type": "github"
      }
    },
    "niri-scratchpad": {
      "inputs": {
        "flake-utils": "flake-utils_2",
        "nixpkgs": "nixpkgs_3",
        "systems": "systems_3"
      },
      "locked": {
        "lastModified": 1762334439,
        "narHash": "sha256-3PVc17NWTE7O5IS6/wT4V7M9moIC035vJZ0vFi7DQ0Q=",
        "owner": "gvolpe",
        "repo": "niri-scratchpad",
        "rev": "d12bf51846777a245d16ca89cbf7e67a256064a5",
        "type": "github"
      },
      "original": {
        "owner": "gvolpe",
        "repo": "niri-scratchpad",
        "type": "github"
      }
    },
    "niri-stable": {
      "flake": false,
      "locked": {
        "lastModified": 1756556321,
        "narHash": "sha256-RLD89dfjN0RVO86C/Mot0T7aduCygPGaYbog566F0Qo=",
        "owner": "YaLTeR",
        "repo": "niri",
        "rev": "01be0e65f4eb91a9cd624ac0b76aaeab765c7294",
        "type": "github"
      },
      "original": {
        "owner": "YaLTeR",
        "ref": "v25.08",
        "repo": "niri",
        "type": "github"
      }
    },
    "niri-unstable": {
      "flake": false,
      "locked": {
        "lastModified": 1771305475,
        "narHash": "sha256-lqweVTwHhYc+9T33cysp38gVwxaibGJHriOPZXWyhCY=",
        "owner": "YaLTeR",
        "repo": "niri",
        "rev": "a2a52911757cb3b497db9407592f9b4c439571ea",
        "type": "github"
      },
      "original": {
        "owner": "YaLTeR",
        "repo": "niri",
        "type": "github"
      }
    },
    "nixCats": {
      "locked": {
        "lastModified": 1770584904,
        "narHash": "sha256-9Zaz8lbKF2W9pwXZEnbiGsicHdBoU+dHt3Wv3mCJoZ8=",
        "owner": "BirdeeHub",
        "repo": "nixCats-nvim",
        "rev": "538fdde784d2909700d97a8ef307783b33a86fb1",
        "type": "github"
      },
      "original": {
        "owner": "BirdeeHub",
        "repo": "nixCats-nvim",
        "type": "github"
      }
    },
    "nixpkgs": {
      "locked": {
        "lastModified": 1770562336,
        "narHash": "sha256-ub1gpAONMFsT/GU2hV6ZWJjur8rJ6kKxdm9IlCT0j84=",
        "owner": "nixos",
        "repo": "nixpkgs",
        "rev": "d6c71932130818840fc8fe9509cf50be8c64634f",
        "type": "github"
      },
      "original": {
        "owner": "nixos",
        "ref": "nixos-unstable",
        "repo": "nixpkgs",
        "type": "github"
      }
    },
    "nixpkgs-lib": {
      "locked": {
        "lastModified": 1748740939,
        "narHash": "sha256-rQaysilft1aVMwF14xIdGS3sj1yHlI6oKQNBRTF40cc=",
        "owner": "nix-community",
        "repo": "nixpkgs.lib",
        "rev": "656a64127e9d791a334452c6b6606d17539476e2",
        "type": "github"
      },
      "original": {
        "owner": "nix-community",
        "repo": "nixpkgs.lib",
        "type": "github"
      }
    },
    "nixpkgs-stable": {
      "locked": {
        "lastModified": 1771574726,
        "narHash": "sha256-D1PA3xQv/s4W3lnR9yJFSld8UOLr0a/cBWMQMXS+1Qg=",
        "owner": "NixOS",
        "repo": "nixpkgs",
        "rev": "c217913993d6c6f6805c3b1a3bda5e639adfde6d",
        "type": "github"
      },
      "original": {
        "owner": "NixOS",
        "ref": "nixos-25.11",
        "repo": "nixpkgs",
        "type": "github"
      }
    },
    "nixpkgs-unstable": {
      "locked": {
        "lastModified": 1771369470,
        "narHash": "sha256-0NBlEBKkN3lufyvFegY4TYv5mCNHbi5OmBDrzihbBMQ=",
        "owner": "nixos",
        "repo": "nixpkgs",
        "rev": "0182a361324364ae3f436a63005877674cf45efb",
        "type": "github"
      },
      "original": {
        "owner": "nixos",
        "ref": "nixos-unstable",
        "repo": "nixpkgs",
        "type": "github"
      }
    },
    "nixpkgs_2": {
      "locked": {
        "lastModified": 1759831965,
        "narHash": "sha256-vgPm2xjOmKdZ0xKA6yLXPJpjOtQPHfaZDRtH+47XEBo=",
        "ref": "nixos-unstable",
        "rev": "c9b6fb798541223bbb396d287d16f43520250518",
        "shallow": true,
        "type": "git",
        "url": "https://github.com/NixOS/nixpkgs"
      },
      "original": {
        "ref": "nixos-unstable",
        "shallow": true,
        "type": "git",
        "url": "https://github.com/NixOS/nixpkgs"
      }
    },
    "nixpkgs_3": {
      "locked": {
        "lastModified": 1757068644,
        "narHash": "sha256-NOrUtIhTkIIumj1E/Rsv1J37Yi3xGStISEo8tZm3KW4=",
        "ref": "nixos-unstable",
        "rev": "8eb28adfa3dc4de28e792e3bf49fcf9007ca8ac9",
        "shallow": true,
        "type": "git",
        "url": "https://github.com/NixOS/nixpkgs"
      },
      "original": {
        "ref": "nixos-unstable",
        "shallow": true,
        "type": "git",
        "url": "https://github.com/NixOS/nixpkgs"
      }
    },
    "nixpkgs_4": {
      "locked": {
        "lastModified": 1771574726,
        "narHash": "sha256-D1PA3xQv/s4W3lnR9yJFSld8UOLr0a/cBWMQMXS+1Qg=",
        "owner": "nixos",
        "repo": "nixpkgs",
        "rev": "c217913993d6c6f6805c3b1a3bda5e639adfde6d",
        "type": "github"
      },
      "original": {
        "owner": "nixos",
        "ref": "nixos-25.11",
        "repo": "nixpkgs",
        "type": "github"
      }
    },
    "nixpkgs_5": {
      "locked": {
        "lastModified": 1771008912,
        "narHash": "sha256-gf2AmWVTs8lEq7z/3ZAsgnZDhWIckkb+ZnAo5RzSxJg=",
        "owner": "nixos",
        "repo": "nixpkgs",
        "rev": "a82ccc39b39b621151d6732718e3e250109076fa",
        "type": "github"
      },
      "original": {
        "owner": "nixos",
        "ref": "nixos-unstable",
        "repo": "nixpkgs",
        "type": "github"
      }
    },
    "noctalia": {
      "inputs": {
        "nixpkgs": [
          "nixpkgs-unstable"
        ]
      },
      "locked": {
        "lastModified": 1771690106,
        "narHash": "sha256-dkLvVNUgr5jOoNOc4iE8NXGmo29Wt/Dk/gPKPr8bamQ=",
        "owner": "noctalia-dev",
        "repo": "noctalia-shell",
        "rev": "835d632e57e7b0cb7321f56ea4d83c9fac88b05c",
        "type": "github"
      },
      "original": {
        "owner": "noctalia-dev",
        "repo": "noctalia-shell",
        "type": "github"
      }
    },
    "nur": {
      "inputs": {
        "flake-parts": [
          "stylix",
          "flake-parts"
        ],
        "nixpkgs": [
          "stylix",
          "nixpkgs"
        ]
      },
      "locked": {
        "lastModified": 1767886815,
        "narHash": "sha256-pB2BBv6X9cVGydEV/9Y8+uGCvuYJAlsprs1v1QHjccA=",
        "owner": "nix-community",
        "repo": "NUR",
        "rev": "4ff84374d77ff62e2e13a46c33bfeb73590f9fef",
        "type": "github"
      },
      "original": {
        "owner": "nix-community",
        "repo": "NUR",
        "type": "github"
      }
    },
    "ny": {
      "flake": false,
      "locked": {
        "narHash": "sha256-3257NAH4qlan2YHVLpNRy7x8IJqR2pal3OzFo/ykqXs=",
        "type": "file",
        "url": "https://devimages-cdn.apple.com/design/resources/download/NY.dmg"
      },
      "original": {
        "type": "file",
        "url": "https://devimages-cdn.apple.com/design/resources/download/NY.dmg"
      }
    },
    "pre-commit-hooks": {
      "inputs": {
        "flake-compat": "flake-compat",
        "gitignore": "gitignore",
        "nixpkgs": [
          "hyprland",
          "nixpkgs"
        ]
      },
      "locked": {
        "lastModified": 1770726378,
        "narHash": "sha256-kck+vIbGOaM/dHea7aTBxdFYpeUl/jHOy5W3eyRvVx8=",
        "owner": "cachix",
        "repo": "git-hooks.nix",
        "rev": "5eaaedde414f6eb1aea8b8525c466dc37bba95ae",
        "type": "github"
      },
      "original": {
        "owner": "cachix",
        "repo": "git-hooks.nix",
        "type": "github"
      }
    },
    "quickshell": {
      "inputs": {
        "nixpkgs": [
          "dms",
          "nixpkgs"
        ]
      },
      "locked": {
        "lastModified": 1766725085,
        "narHash": "sha256-O2aMFdDUYJazFrlwL7aSIHbUSEm3ADVZjmf41uBJfHs=",
        "ref": "refs/heads/master",
        "rev": "41828c4180fb921df7992a5405f5ff05d2ac2fff",
        "revCount": 715,
        "type": "git",
        "url": "https://git.outfoxxed.me/quickshell/quickshell"
      },
      "original": {
        "rev": "41828c4180fb921df7992a5405f5ff05d2ac2fff",
        "type": "git",
        "url": "https://git.outfoxxed.me/quickshell/quickshell"
      }
    },
    "root": {
      "inputs": {
        "apple-fonts": "apple-fonts",
        "catppuccin": "catppuccin",
        "den": "den",
        "dgop": "dgop",
        "disko": "disko",
        "dms": "dms",
        "flake-aspects": "flake-aspects",
        "flake-file": "flake-file",
        "flake-parts": "flake-parts",
        "home-manager": "home-manager",
        "hyprland": "hyprland",
        "import-tree": "import-tree",
        "mango": "mango",
        "nfsm": "nfsm",
        "niri-flake": "niri-flake",
        "niri-scratchpad": "niri-scratchpad",
        "nixCats": "nixCats",
        "nixpkgs": "nixpkgs_4",
        "nixpkgs-lib": [
          "nixpkgs"
        ],
        "nixpkgs-unstable": "nixpkgs-unstable",
        "noctalia": "noctalia",
        "sops-nix": "sops-nix",
        "stylix": "stylix",
        "sway-scratch": "sway-scratch",
        "systems": "systems_5",
        "zen-browser": "zen-browser"
      }
    },
    "scenefx": {
      "inputs": {
        "nixpkgs": [
          "mango",
          "nixpkgs"
        ]
      },
      "locked": {
        "lastModified": 1750785057,
        "narHash": "sha256-tGX6j4W91rcb+glXJo43sjPI9zQvPotonknG1BdihR4=",
        "owner": "wlrfx",
        "repo": "scenefx",
        "rev": "3a6cfb12e4ba97b43326357d14f7b3e40897adfc",
        "type": "github"
      },
      "original": {
        "owner": "wlrfx",
        "repo": "scenefx",
        "type": "github"
      }
    },
    "sf-arabic": {
      "flake": false,
      "locked": {
        "narHash": "sha256-/0gjRimqvZyE60xYxxPdlU+7Q2LJnnvtbmwOP0YmS9U=",
        "type": "file",
        "url": "https://devimages-cdn.apple.com/design/resources/download/SF-Arabic.dmg"
      },
      "original": {
        "type": "file",
        "url": "https://devimages-cdn.apple.com/design/resources/download/SF-Arabic.dmg"
      }
    },
    "sf-armenian": {
      "flake": false,
      "locked": {
        "narHash": "sha256-rRoDkbNMYkzOHZmQm96Zv80TZvRlAeoxkv4pMHP5nUg=",
        "type": "file",
        "url": "https://devimages-cdn.apple.com/design/resources/download/SF-Armenian.dmg"
      },
      "original": {
        "type": "file",
        "url": "https://devimages-cdn.apple.com/design/resources/download/SF-Armenian.dmg"
      }
    },
    "sf-compact": {
      "flake": false,
      "locked": {
        "narHash": "sha256-oLhkN4HYkU1Xjxk+xdmyxJmROSzo1qd/tafdxw7icxs=",
        "type": "file",
        "url": "https://devimages-cdn.apple.com/design/resources/download/SF-Compact.dmg"
      },
      "original": {
        "type": "file",
        "url": "https://devimages-cdn.apple.com/design/resources/download/SF-Compact.dmg"
      }
    },
    "sf-georgian": {
      "flake": false,
      "locked": {
        "narHash": "sha256-IevVNOC28IiR45YfI3PsZzXLMRxuB5u7UiE53Zn6tRU=",
        "type": "file",
        "url": "https://devimages-cdn.apple.com/design/resources/download/SF-Georgian.dmg"
      },
      "original": {
        "type": "file",
        "url": "https://devimages-cdn.apple.com/design/resources/download/SF-Georgian.dmg"
      }
    },
    "sf-hebrew": {
      "flake": false,
      "locked": {
        "narHash": "sha256-Dw84kYwMpCtKKKqm8cZcQ9TZ7GayU5MO7W0LJw0Rcwk=",
        "type": "file",
        "url": "https://devimages-cdn.apple.com/design/resources/download/SF-Hebrew.dmg"
      },
      "original": {
        "type": "file",
        "url": "https://devimages-cdn.apple.com/design/resources/download/SF-Hebrew.dmg"
      }
    },
    "sf-mono": {
      "flake": false,
      "locked": {
        "narHash": "sha256-ICdHRFdNL7PM/fXJUzS7LgZxZiqcyIuCMHLze4En4vg=",
        "type": "file",
        "url": "https://devimages-cdn.apple.com/design/resources/download/SF-Mono.dmg"
      },
      "original": {
        "type": "file",
        "url": "https://devimages-cdn.apple.com/design/resources/download/SF-Mono.dmg"
      }
    },
    "sf-pro": {
      "flake": false,
      "locked": {
        "narHash": "sha256-s42hsaUe0Vkaw5yw8G7G3W3AYJb2TPqSlMqPyY0e5WU=",
        "type": "file",
        "url": "https://devimages-cdn.apple.com/design/resources/download/SF-Pro.dmg"
      },
      "original": {
        "type": "file",
        "url": "https://devimages-cdn.apple.com/design/resources/download/SF-Pro.dmg"
      }
    },
    "sops-nix": {
      "inputs": {
        "nixpkgs": [
          "nixpkgs"
        ]
      },
      "locked": {
        "lastModified": 1771524872,
        "narHash": "sha256-eksVUcUsfS9mQx4D9DrYu88u9w70bAf+n6KmTDuIGEE=",
        "owner": "Mic92",
        "repo": "sops-nix",
        "rev": "e85540ffe97322dc1fea14dd11cdc2f59d540ac7",
        "type": "github"
      },
      "original": {
        "owner": "Mic92",
        "repo": "sops-nix",
        "type": "github"
      }
    },
    "stylix": {
      "inputs": {
        "base16": "base16",
        "base16-fish": "base16-fish",
        "base16-helix": "base16-helix",
        "base16-vim": "base16-vim",
        "firefox-gnome-theme": "firefox-gnome-theme",
        "flake-parts": "flake-parts_3",
        "gnome-shell": "gnome-shell",
        "nixpkgs": [
          "nixpkgs"
        ],
        "nur": "nur",
        "systems": "systems_4",
        "tinted-foot": "tinted-foot",
        "tinted-kitty": "tinted-kitty",
        "tinted-schemes": "tinted-schemes",
        "tinted-tmux": "tinted-tmux",
        "tinted-zed": "tinted-zed"
      },
      "locked": {
        "lastModified": 1771628068,
        "narHash": "sha256-+9nD7qc815g+RMMFM0YJGTIPuBcLWHg35it5Ao8eVms=",
        "owner": "nix-community",
        "repo": "stylix",
        "rev": "83bf151687138c82a99451af49bc92527f9a8d4e",
        "type": "github"
      },
      "original": {
        "owner": "nix-community",
        "ref": "release-25.11",
        "repo": "stylix",
        "type": "github"
      }
    },
    "sway-scratch": {
      "flake": false,
      "locked": {
        "lastModified": 1732042005,
        "narHash": "sha256-3i4A0s/cArCoaedV7dnJVWbBdP+zqwORdWM7MXwti2o=",
        "owner": "aokellermann",
        "repo": "sway-scratch",
        "rev": "6cfa6597cce02105fe9977afe616e9036dca3be7",
        "type": "github"
      },
      "original": {
        "owner": "aokellermann",
        "repo": "sway-scratch",
        "type": "github"
      }
    },
    "systems": {
      "locked": {
        "lastModified": 1689347949,
        "narHash": "sha256-12tWmuL2zgBgZkdoB6qXZsgJEH9LR3oUgpaQq2RbI80=",
        "owner": "nix-systems",
        "repo": "default-linux",
        "rev": "31732fcf5e8fea42e59c2488ad31a0e651500f68",
        "type": "github"
      },
      "original": {
        "owner": "nix-systems",
        "repo": "default-linux",
        "type": "github"
      }
    },
    "systems_2": {
      "locked": {
        "lastModified": 1689347949,
        "narHash": "sha256-12tWmuL2zgBgZkdoB6qXZsgJEH9LR3oUgpaQq2RbI80=",
        "owner": "nix-systems",
        "repo": "default-linux",
        "rev": "31732fcf5e8fea42e59c2488ad31a0e651500f68",
        "type": "github"
      },
      "original": {
        "owner": "nix-systems",
        "repo": "default-linux",
        "type": "github"
      }
    },
    "systems_3": {
      "locked": {
        "lastModified": 1689347949,
        "narHash": "sha256-12tWmuL2zgBgZkdoB6qXZsgJEH9LR3oUgpaQq2RbI80=",
        "owner": "nix-systems",
        "repo": "default-linux",
        "rev": "31732fcf5e8fea42e59c2488ad31a0e651500f68",
        "type": "github"
      },
      "original": {
        "owner": "nix-systems",
        "repo": "default-linux",
        "type": "github"
      }
    },
    "systems_4": {
      "locked": {
        "lastModified": 1681028828,
        "narHash": "sha256-Vy1rq5AaRuLzOxct8nz4T6wlgyUR7zLU309k9mBC768=",
        "owner": "nix-systems",
        "repo": "default",
        "rev": "da67096a3b9bf56a91d16901293e51ba5b49a27e",
        "type": "github"
      },
      "original": {
        "owner": "nix-systems",
        "repo": "default",
        "type": "github"
      }
    },
    "systems_5": {
      "locked": {
        "lastModified": 1681028828,
        "narHash": "sha256-Vy1rq5AaRuLzOxct8nz4T6wlgyUR7zLU309k9mBC768=",
        "owner": "nix-systems",
        "repo": "default",
        "rev": "da67096a3b9bf56a91d16901293e51ba5b49a27e",
        "type": "github"
      },
      "original": {
        "owner": "nix-systems",
        "repo": "default",
        "type": "github"
      }
    },
    "tinted-foot": {
      "flake": false,
      "locked": {
        "lastModified": 1726913040,
        "narHash": "sha256-+eDZPkw7efMNUf3/Pv0EmsidqdwNJ1TaOum6k7lngDQ=",
        "owner": "tinted-theming",
        "repo": "tinted-foot",
        "rev": "fd1b924b6c45c3e4465e8a849e67ea82933fcbe4",
        "type": "github"
      },
      "original": {
        "owner": "tinted-theming",
        "repo": "tinted-foot",
        "rev": "fd1b924b6c45c3e4465e8a849e67ea82933fcbe4",
        "type": "github"
      }
    },
    "tinted-kitty": {
      "flake": false,
      "locked": {
        "lastModified": 1735730497,
        "narHash": "sha256-4KtB+FiUzIeK/4aHCKce3V9HwRvYaxX+F1edUrfgzb8=",
        "owner": "tinted-theming",
        "repo": "tinted-kitty",
        "rev": "de6f888497f2c6b2279361bfc790f164bfd0f3fa",
        "type": "github"
      },
      "original": {
        "owner": "tinted-theming",
        "repo": "tinted-kitty",
        "type": "github"
      }
    },
    "tinted-schemes": {
      "flake": false,
      "locked": {
        "lastModified": 1767817087,
        "narHash": "sha256-eGE8OYoK6HzhJt/7bOiNV2cx01IdIrHL7gXgjkHRdNo=",
        "owner": "tinted-theming",
        "repo": "schemes",
        "rev": "bd99656235aab343e3d597bf196df9bc67429507",
        "type": "github"
      },
      "original": {
        "owner": "tinted-theming",
        "repo": "schemes",
        "type": "github"
      }
    },
    "tinted-tmux": {
      "flake": false,
      "locked": {
        "lastModified": 1767489635,
        "narHash": "sha256-e6nnFnWXKBCJjCv4QG4bbcouJ6y3yeT70V9MofL32lU=",
        "owner": "tinted-theming",
        "repo": "tinted-tmux",
        "rev": "3c32729ccae99be44fe8a125d20be06f8d7d8184",
        "type": "github"
      },
      "original": {
        "owner": "tinted-theming",
        "repo": "tinted-tmux",
        "type": "github"
      }
    },
    "tinted-zed": {
      "flake": false,
      "locked": {
        "lastModified": 1767488740,
        "narHash": "sha256-wVOj0qyil8m+ouSsVZcNjl5ZR+1GdOOAooAatQXHbuU=",
        "owner": "tinted-theming",
        "repo": "base16-zed",
        "rev": "11abb0b282ad3786a2aae088d3a01c60916f2e40",
        "type": "github"
      },
      "original": {
        "owner": "tinted-theming",
        "repo": "base16-zed",
        "type": "github"
      }
    },
    "xdph": {
      "inputs": {
        "hyprland-protocols": [
          "hyprland",
          "hyprland-protocols"
        ],
        "hyprlang": [
          "hyprland",
          "hyprlang"
        ],
        "hyprutils": [
          "hyprland",
          "hyprutils"
        ],
        "hyprwayland-scanner": [
          "hyprland",
          "hyprwayland-scanner"
        ],
        "nixpkgs": [
          "hyprland",
          "nixpkgs"
        ],
        "systems": [
          "hyprland",
          "systems"
        ]
      },
      "locked": {
        "lastModified": 1761431178,
        "narHash": "sha256-xzjC1CV3+wpUQKNF+GnadnkeGUCJX+vgaWIZsnz9tzI=",
        "owner": "hyprwm",
        "repo": "xdg-desktop-portal-hyprland",
        "rev": "4b8801228ff958d028f588f0c2b911dbf32297f9",
        "type": "github"
      },
      "original": {
        "owner": "hyprwm",
        "repo": "xdg-desktop-portal-hyprland",
        "type": "github"
      }
    },
    "xwayland-satellite-stable": {
      "flake": false,
      "locked": {
        "lastModified": 1755491097,
        "narHash": "sha256-m+9tUfsmBeF2Gn4HWa6vSITZ4Gz1eA1F5Kh62B0N4oE=",
        "owner": "Supreeeme",
        "repo": "xwayland-satellite",
        "rev": "388d291e82ffbc73be18169d39470f340707edaa",
        "type": "github"
      },
      "original": {
        "owner": "Supreeeme",
        "ref": "v0.7",
        "repo": "xwayland-satellite",
        "type": "github"
      }
    },
    "xwayland-satellite-unstable": {
      "flake": false,
      "locked": {
        "lastModified": 1771195969,
        "narHash": "sha256-BUE41HjLIGPjq3U8VXPjf8asH8GaMI7FYdgrIHKFMXA=",
        "owner": "Supreeeme",
        "repo": "xwayland-satellite",
        "rev": "536bd32efc935bf876d6de385ec18a1b715c9358",
        "type": "github"
      },
      "original": {
        "owner": "Supreeeme",
        "repo": "xwayland-satellite",
        "type": "github"
      }
    },
    "zen-browser": {
      "inputs": {
        "home-manager": "home-manager_2",
        "nixpkgs": "nixpkgs_5"
      },
      "locked": {
        "lastModified": 1771719171,
        "narHash": "sha256-ZDE3//9Hg+9X5xXcDJ4k/d6qcOVQ4MrTmvf1zv/omZY=",
        "owner": "0xc000022070",
        "repo": "zen-browser-flake",
        "rev": "2a71f2e720db962f2522b38704e23e11163e91ae",
        "type": "github"
      },
      "original": {
        "owner": "0xc000022070",
        "repo": "zen-browser-flake",
        "type": "github"
      }
    }
  },
  "root": "root",
  "version": 7
}
